Microsoft Visual Studio Solution File, Format Version 12.00
# Visual Studio Version 16
VisualStudioVersion = 16.0.30611.23
MinimumVisualStudioVersion = 10.0.40219.1
Project("{FAE04EC0-301F-11D3-BF4B-00C04F79EFBC}") = "RownanieKwadratowe", "RownanieKwadratowe.csproj", "{DA6092C8-5434-4053-86D4-956F7E70447E}"
EndProject
Project("{FAE04EC0-301F-11D3-BF4B-00C04F79EFBC}") = "RownanieKwadratowe.Testy", "..\RownanieKwadratowe_Testy\RownanieKwadratowe.Testy.csproj", "{A281FC93-58E2-4FB1-B82B-908F9E9A29AD}"
EndProject
Global
	GlobalSection(SolutionConfigurationPlatforms) = preSolution
		Debug|Any CPU = Debug|Any CPU
		Release|Any CPU = Release|Any CPU
	EndGlobalSection
	GlobalSection(ProjectConfigurationPlatforms) = postSolution
		{DA6092C8-5434-4053-86D4-956F7E70447E}.Debug|Any CPU.ActiveCfg = Debug|Any CPU
		{DA6092C8-5434-4053-86D4-956F7E70447E}.Debug|Any CPU.Build.0 = Debug|Any CPU
		{DA6092C8-5434-4053-86D4-956F7E70447E}.Release|Any CPU.ActiveCfg = Release|Any CPU
		{DA6092C8-5434-4053-86D4-956F7E70447E}.Release|Any CPU.Build.0 = Release|Any CPU
		{A281FC93-58E2-4FB1-B82B-908F9E9A29AD}.Debug|Any CPU.ActiveCfg = Debug|Any CPU
		{A281FC93-58E2-4FB1-B82B-908F9E9A29AD}.Debug|Any CPU.Build.0 = Debug|Any CPU
		{A281FC93-58E2-4FB1-B82B-908F9E9A29AD}.Release|Any CPU.ActiveCfg = Release|Any CPU
		{A281FC93-58E2-4FB1-B82B-908F9E9A29AD}.Release|Any CPU.Build.0 = Release|Any CPU
	EndGlobalSection
	GlobalSection(SolutionProperties) = preSolution
		HideSolutionNode = FALSE
	EndGlobalSection
	GlobalSection(ExtensibilityGlobals) = postSolution
		SolutionGuid = {B9D91FE7-A0DC-46E3-B23E-3D3D242CE046}
	EndGlobalSection
EndGlobal
